version = 1
revision = 3
requires-python = ">=3.11"

[[package]]
name = "claude-all"
version = "0.12.0"
source = { editable = "." }

[package.dev-dependencies]
dev = [
    { name = "prek" },
    { name = "pytest" },
]

[package.metadata]

[package.metadata.requires-dev]
dev = [
    { name = "prek", specifier = ">=0.4.1" },
    { name = "pytest", specifier = ">=8" },
]

[[package]]
name = "colorama"
version = "0.4.6"
source = { registry = "https://pypi.org/simple" }
sdist = { url = "https://files.pythonhosted.org/packages/d8/53/6f443c9a4a8358a93a6792e2acffb9d9d5cb0a5cfd8802644b7b1c9a02e4/colorama-0.4.6.tar.gz", hash = "sha256:08695f5cb7ed6e0531a20572697297273c47b8cae5a63ffc6d6ed5c201be6e44", size = 27697, upload-time = "2022-10-25T02:36:22.414Z" }
wheels = [
    { url = "https://files.pythonhosted.org/packages/d1/d6/3965ed04c63042e047cb6a3e6ed1a63a35087b6a609aa3a15ed8ac56c221/colorama-0.4.6-py2.py3-none-any.whl", hash = "sha256:4f1d9991f5acc0ca119f9d443620b77f9d6b33703e51011c16baf57afb285fc6", size = 25335, upload-time = "2022-10-25T02:36:20.889Z" },
]

[[package]]
name = "iniconfig"
version = "2.3.0"
source = { registry = "https://pypi.org/simple" }
sdist = { url = "https://files.pythonhosted.org/packages/72/34/14ca021ce8e5dfedc35312d08ba8bf51fdd999c576889fc2c24cb97f4f10/iniconfig-2.3.0.tar.gz", hash = "sha256:c76315c77db068650d49c5b56314774a7804df16fee4402c1f19d6d15d8c4730", size = 20503, upload-time = "2025-10-18T21:55:43.219Z" }
wheels = [
    { url = "https://files.pythonhosted.org/packages/cb/b1/3846dd7f199d53cb17f49cba7e651e9ce294d8497c8c150530ed11865bb8/iniconfig-2.3.0-py3-none-any.whl", hash = "sha256:f631c04d2c48c52b84d0d0549c99ff3859c98df65b3101406327ecc7d53fbf12", size = 7484, upload-time = "2025-10-18T21:55:41.639Z" },
]

[[package]]
name = "packaging"
version = "26.2"
source = { registry = "https://pypi.org/simple" }
sdist = { url = "https://files.pythonhosted.org/packages/d7/f1/e7a6dd94a8d4a5626c03e4e99c87f241ba9e350cd9e6d75123f992427270/packaging-26.2.tar.gz", hash = "sha256:ff452ff5a3e828ce110190feff1178bb1f2ea2281fa2075aadb987c2fb221661", size = 228134, upload-time = "2026-04-24T20:15:23.917Z" }
wheels = [
    { url = "https://files.pythonhosted.org/packages/df/b2/87e62e8c3e2f4b32e5fe99e0b86d576da1312593b39f47d8ceef365e95ed/packaging-26.2-py3-none-any.whl", hash = "sha256:5fc45236b9446107ff2415ce77c807cee2862cb6fac22b8a73826d0693b0980e", size = 100195, upload-time = "2026-04-24T20:15:22.081Z" },
]

[[package]]
name = "pluggy"
version = "1.6.0"
source = { registry = "https://pypi.org/simple" }
sdist = { url = "https://files.pythonhosted.org/packages/f9/e2/3e91f31a7d2b083fe6ef3fa267035b518369d9511ffab804f839851d2779/pluggy-1.6.0.tar.gz", hash = "sha256:7dcc130b76258d33b90f61b658791dede3486c3e6bfb003ee5c9bfb396dd22f3", size = 69412, upload-time = "2025-05-15T12:30:07.975Z" }
wheels = [
    { url = "https://files.pythonhosted.org/packages/54/20/4d324d65cc6d9205fabedc306948156824eb9f0ee1633355a8f7ec5c66bf/pluggy-1.6.0-py3-none-any.whl", hash = "sha256:e920276dd6813095e9377c0bc5566d94c932c33b27a3e3945d8389c374dd4746", size = 20538, upload-time = "2025-05-15T12:30:06.134Z" },
]

[[package]]
name = "prek"
version = "0.4.4"
source = { registry = "https://pypi.org/simple" }
sdist = { url = "https://files.pythonhosted.org/packages/f6/13/3d71b3adbf385f7dc7fb6e16d6e25421fd8398b45d8f8410a328bf22bd3f/prek-0.4.4.tar.gz", hash = "sha256:4ec5771153d158a0e4473933b7fd9b51e1b1f57f2df50aeb7560ea6812226dc5", size = 470641, upload-time = "2026-06-04T07:26:07.199Z" }
wheels = [
    { url = "https://files.pythonhosted.org/packages/06/9f/68a577888edf7f2647a652b02899508ccd84e57ce1f79c51a44edfd308d7/prek-0.4.4-py3-none-linux_armv6l.whl", hash = "sha256:23cfd96a25de1c93e3c43c746643b80489e3b2fa49ca9c0ffd6022e51535c900", size = 5550271, upload-time = "2026-06-04T07:26:17.834Z" },
    { url = "https://files.pythonhosted.org/packages/35/b8/5427a0023116343a8d787b446536a7fddfa5db7eec7713dd05618da2bdfe/prek-0.4.4-py3-none-macosx_10_12_x86_64.whl", hash = "sha256:a427b792c4436f49732b1f6ebccf221fdcc6390c148474280da9c2c6eaabc9c4", size = 5910136, upload-time = "2026-06-04T07:26:20.616Z" },
    { url = "https://files.pythonhosted.org/packages/9d/4f/d751e90b7e768e472e054cd41cbe502589436ca9c1a13bfe4fa9513f9cde/prek-0.4.4-py3-none-macosx_11_0_arm64.whl", hash = "sha256:b998038fc92c990e03147eb5b95b0f2c394517f8857ab911aac8e092f1b9b3ab", size = 5470124, upload-time = "2026-06-04T07:26:29.23Z" },
    { url = "https://files.pythonhosted.org/packages/c6/fe/e73241c5777b6f9b6b95132febbd27f9be9e89912e9e93c0982680593af2/prek-0.4.4-py3-none-manylinux_2_17_aarch64.manylinux2014_aarch64.musllinux_1_1_aarch64.whl", hash = "sha256:9cebca8c15da4f1d6e3a25e6ae0611425c8596e926222050f2588c390e42df8a", size = 5732725, upload-time = "2026-06-04T07:26:19.133Z" },
    { url = "https://files.pythonhosted.org/packages/ca/a3/329bd910e7e5d9d0eb5e571f3ba48023213744e78411afb81f5ef8356cab/prek-0.4.4-py3-none-manylinux_2_17_armv7l.manylinux2014_armv7l.whl", hash = "sha256:c8742ac26363e74c855df6215a709d5db183204d00ac0f1a722b13aed4da3cd0", size = 5457953, upload-time = "2026-06-04T07:26:23.41Z" },
    { url = "https://files.pythonhosted.org/packages/3d/f8/d642990513d9707398506bad45d39173d84266231f7d919899f694aefe2c/prek-0.4.4-py3-none-manylinux_2_17_i686.manylinux2014_i686.whl", hash = "sha256:a2b7c8710546a1e894afa7ab022030cd4e21f1ee7ffb301b4360773d22f1f00f", size = 5860556, upload-time = "2026-06-04T07:26:11.692Z" },
    { url = "https://files.pythonhosted.org/packages/8d/17/a2e29cb278503a8c18612d8a62a15020648dc768e2e94bc4b4d4c9411e07/prek-0.4.4-py3-none-manylinux_2_17_s390x.manylinux2014_s390x.whl", hash = "sha256:e02bd4d5e05c500e4d9f70f024e30d13aa361dc490724b7f476d2e35542c239f", size = 6652492, upload-time = "2026-06-04T07:26:09.962Z" },
    { url = "https://files.pythonhosted.org/packages/ab/10/ad3270b18135ee5d1af6f6cf4b0c8601b1cc2cb38d16e835081da820833a/prek-0.4.4-py3-none-manylinux_2_17_x86_64.manylinux2014_x86_64.whl", hash = "sha256:3f3a25041733de987a47e5a7bace47182a6f0e2ae5f960cb54c1d4630afd2591", size = 6113837, upload-time = "2026-06-04T07:26:24.873Z" },
    { url = "https://files.pythonhosted.org/packages/59/d9/e8c201b9b41c4561673cea01c630ab604df89d13e952f87dbcb807d32588/prek-0.4.4-py3-none-manylinux_2_28_aarch64.whl", hash = "sha256:0b04a0f36d07474f2a9fc5b1ba1197a1b326b2b211f39cd74cf0d4613545f7f4", size = 5729155, upload-time = "2026-06-04T07:26:26.194Z" },
    { url = "https://files.pythonhosted.org/packages/e8/cd/227b0494fcbc91e8fe15c2a4db9e6dfff95314ef38db3e40e6ea96db249d/prek-0.4.4-py3-none-manylinux_2_31_riscv64.whl", hash = "sha256:f032ccbe2d6edc345f81a6d772c18cc169d63c27b5a8292bfe416b352bdfee57", size = 5590775, upload-time = "2026-06-04T07:26:22.038Z" },
    { url = "https://files.pythonhosted.org/packages/cc/e0/9d750b9cf21ece884afdc15668d0f005a36588fe1b0bb5ff4a8112ab51cb/prek-0.4.4-py3-none-musllinux_1_1_armv7l.whl", hash = "sha256:bad3586fcea3e913f0edf2e8f132f97889e03976b7ee3d120fd294ad4e89a5eb", size = 5437864, upload-time = "2026-06-04T07:26:30.673Z" },
    { url = "https://files.pythonhosted.org/packages/3a/48/e2e5c0299590ad18a253c0ac09508b615baa1b382010c511186572f711d3/prek-0.4.4-py3-none-musllinux_1_1_i686.whl", hash = "sha256:4058638532c6dcbf0076d23b9264cbdd9f0f0e320762e237a6b9e4e4b854a766", size = 5718579, upload-time = "2026-06-04T07:26:27.786Z" },
    { url = "https://files.pythonhosted.org/packages/54/48/7fb3d4e7f664d1ce8ae35ec553872ffddf9fab4c5081735fdaae610b1e7c/prek-0.4.4-py3-none-musllinux_1_1_x86_64.whl", hash = "sha256:619bab14071670249777deea0cc0b29d904c4a514cf33b20e583900a544f0399", size = 6231622, upload-time = "2026-06-04T07:26:16.309Z" },
    { url = "https://files.pythonhosted.org/packages/46/c0/a4ddbf38034afe67cfa97c4bd81c86429ada098e7c323218d9f9fd061566/prek-0.4.4-py3-none-win32.whl", hash = "sha256:143154b329c05b2f9fa3230e604d02d9c4297dd43f96135a8ba166772e8ecd60", size = 5240317, upload-time = "2026-06-04T07:26:08.726Z" },
    { url = "https://files.pythonhosted.org/packages/bc/8c/fe97b5b095187bb2f93bbe406bccf108c879e5e4c83f165809b0d16ce0fb/prek-0.4.4-py3-none-win_amd64.whl", hash = "sha256:c38c5140ae2ea55ebb02e6ca590a416664ea1af287cdd21f54daeec53a81015a", size = 5626104, upload-time = "2026-06-04T07:26:14.81Z" },
    { url = "https://files.pythonhosted.org/packages/25/63/3586226d536796e65f8e725b531d6104e55caaa18659bdcb512661629586/prek-0.4.4-py3-none-win_arm64.whl", hash = "sha256:3efa28fb37b9ddbafb7759da8d497f0d36cf02a05816e15d6541f5669d5d2114", size = 5470399, upload-time = "2026-06-04T07:26:13.231Z" },
]

[[package]]
name = "pygments"
version = "2.20.0"
source = { registry = "https://pypi.org/simple" }
sdist = { url = "https://files.pythonhosted.org/packages/c3/b2/bc9c9196916376152d655522fdcebac55e66de6603a76a02bca1b6414f6c/pygments-2.20.0.tar.gz", hash = "sha256:6757cd03768053ff99f3039c1a36d6c0aa0b263438fcab17520b30a303a82b5f", size = 4955991, upload-time = "2026-03-29T13:29:33.898Z" }
wheels = [
    { url = "https://files.pythonhosted.org/packages/f4/7e/a72dd26f3b0f4f2bf1dd8923c85f7ceb43172af56d63c7383eb62b332364/pygments-2.20.0-py3-none-any.whl", hash = "sha256:81a9e26dd42fd28a23a2d169d86d7ac03b46e2f8b59ed4698fb4785f946d0176", size = 1231151, upload-time = "2026-03-29T13:29:30.038Z" },
]

[[package]]
name = "pytest"
version = "9.1.1"
source = { registry = "https://pypi.org/simple" }
dependencies = [
    { name = "colorama", marker = "sys_platform == 'win32'" },
    { name = "iniconfig" },
    { name = "packaging" },
    { name = "pluggy" },
    { name = "pygments" },
]
sdist = { url = "https://files.pythonhosted.org/packages/e4/47/b9efed96c114afcfa3c9d3fe98a76a1d14c74a9e266d397cf6eb64be5e01/pytest-9.1.1.tar.gz", hash = "sha256:1088fbde8f2b49d95a549a195707afa7a76a3ce9bcadc26b6d71f0ffda5fe313", size = 1636369, upload-time = "2026-06-19T10:58:32.857Z" }
wheels = [
    { url = "https://files.pythonhosted.org/packages/24/25/1de2678b631f5a49215c6c96fff41ba892b0a34df68d6d80292b1b48aa7f/pytest-9.1.1-py3-none-any.whl", hash = "sha256:37a86b45efb9a47a61a36449063e8e18d0cab3161329fc099eb21783169c4f0c", size = 386536, upload-time = "2026-06-19T10:58:31.347Z" },
]
